
Microsoft Visual Studio Solution File, Format Version 12.00
# Visual Studio Version 17
VisualStudioVersion = 17.13.35931.197 d17.13
MinimumVisualStudioVersion = 10.0.40219.1
Project("{FAE04EC0-301F-11D3-BF4B-00C04F79EFBC}") = "CalculoRetangulo", "CalculoRetangulo.csproj", "{ED864630-70D9-45A7-9033-9FD9EE1BBE45}"
EndProject
Global
	GlobalSection(SolutionConfigurationPlatforms) = preSolution
		Debug|Any CPU = Debug|Any CPU
		Release|Any CPU = Release|Any CPU
	EndGlobalSection
	GlobalSection(ProjectConfigurationPlatforms) = postSolution
		{ED864630-70D9-45A7-9033-9FD9EE1BBE45}.Debug|Any CPU.ActiveCfg = Debug|Any CPU
		{ED864630-70D9-45A7-9033-9FD9EE1BBE45}.Debug|Any CPU.Build.0 = Debug|Any CPU
		{ED864630-70D9-45A7-9033-9FD9EE1BBE45}.Release|Any CPU.ActiveCfg = Release|Any CPU
		{ED864630-70D9-45A7-9033-9FD9EE1BBE45}.Release|Any CPU.Build.0 = Release|Any CPU
	EndGlobalSection
	GlobalSection(SolutionProperties) = preSolution
		HideSolutionNode = FALSE
	EndGlobalSection
	GlobalSection(ExtensibilityGlobals) = postSolution
		SolutionGuid = {07F5D55C-84B8-4C7A-A235-71EA0BF51500}
	EndGlobalSection
EndGlobal
