
Microsoft Visual Studio Solution File, Format Version 12.00
# Visual Studio Version 17
VisualStudioVersion = 17.13.35931.197 d17.13
MinimumVisualStudioVersion = 10.0.40219.1
Project("{FAE04EC0-301F-11D3-BF4B-00C04F79EFBC}") = "Lists", "Lists.csproj", "{45FBD20E-B679-4CED-AAA6-35DC9BCA135B}"
EndProject
Global
	GlobalSection(SolutionConfigurationPlatforms) = preSolution
		Debug|Any CPU = Debug|Any CPU
		Release|Any CPU = Release|Any CPU
	EndGlobalSection
	GlobalSection(ProjectConfigurationPlatforms) = postSolution
		{45FBD20E-B679-4CED-AAA6-35DC9BCA135B}.Debug|Any CPU.ActiveCfg = Debug|Any CPU
		{45FBD20E-B679-4CED-AAA6-35DC9BCA135B}.Debug|Any CPU.Build.0 = Debug|Any CPU
		{45FBD20E-B679-4CED-AAA6-35DC9BCA135B}.Release|Any CPU.ActiveCfg = Release|Any CPU
		{45FBD20E-B679-4CED-AAA6-35DC9BCA135B}.Release|Any CPU.Build.0 = Release|Any CPU
	EndGlobalSection
	GlobalSection(SolutionProperties) = preSolution
		HideSolutionNode = FALSE
	EndGlobalSection
	GlobalSection(ExtensibilityGlobals) = postSolution
		SolutionGuid = {15E14470-956F-40CB-A60D-B60AFA8D115D}
	EndGlobalSection
EndGlobal
