
Microsoft Visual Studio Solution File, Format Version 12.00
# Visual Studio Version 17
VisualStudioVersion = 17.13.36105.23 d17.13
MinimumVisualStudioVersion = 10.0.40219.1
Project("{FAE04EC0-301F-11D3-BF4B-00C04F79EFBC}") = "StringFunctions", "StringFunctions.csproj", "{31E7AF4E-F786-4A91-87A4-8D49B743B949}"
EndProject
Global
	GlobalSection(SolutionConfigurationPlatforms) = preSolution
		Debug|Any CPU = Debug|Any CPU
		Release|Any CPU = Release|Any CPU
	EndGlobalSection
	GlobalSection(ProjectConfigurationPlatforms) = postSolution
		{31E7AF4E-F786-4A91-87A4-8D49B743B949}.Debug|Any CPU.ActiveCfg = Debug|Any CPU
		{31E7AF4E-F786-4A91-87A4-8D49B743B949}.Debug|Any CPU.Build.0 = Debug|Any CPU
		{31E7AF4E-F786-4A91-87A4-8D49B743B949}.Release|Any CPU.ActiveCfg = Release|Any CPU
		{31E7AF4E-F786-4A91-87A4-8D49B743B949}.Release|Any CPU.Build.0 = Release|Any CPU
	EndGlobalSection
	GlobalSection(SolutionProperties) = preSolution
		HideSolutionNode = FALSE
	EndGlobalSection
	GlobalSection(ExtensibilityGlobals) = postSolution
		SolutionGuid = {54784138-6BCC-4FB0-9FC6-89602490E0A5}
	EndGlobalSection
EndGlobal
