
Microsoft Visual Studio Solution File, Format Version 12.00
# Visual Studio Version 17
VisualStudioVersion = 17.14.36121.58 d17.14
MinimumVisualStudioVersion = 10.0.40219.1
Project("{FAE04EC0-301F-11D3-BF4B-00C04F79EFBC}") = "WorkerSalary", "WorkerSalary.csproj", "{159876E0-CE5E-466C-A826-16F3B4B64578}"
EndProject
Global
	GlobalSection(SolutionConfigurationPlatforms) = preSolution
		Debug|Any CPU = Debug|Any CPU
		Release|Any CPU = Release|Any CPU
	EndGlobalSection
	GlobalSection(ProjectConfigurationPlatforms) = postSolution
		{159876E0-CE5E-466C-A826-16F3B4B64578}.Debug|Any CPU.ActiveCfg = Debug|Any CPU
		{159876E0-CE5E-466C-A826-16F3B4B64578}.Debug|Any CPU.Build.0 = Debug|Any CPU
		{159876E0-CE5E-466C-A826-16F3B4B64578}.Release|Any CPU.ActiveCfg = Release|Any CPU
		{159876E0-CE5E-466C-A826-16F3B4B64578}.Release|Any CPU.Build.0 = Release|Any CPU
	EndGlobalSection
	GlobalSection(SolutionProperties) = preSolution
		HideSolutionNode = FALSE
	EndGlobalSection
	GlobalSection(ExtensibilityGlobals) = postSolution
		SolutionGuid = {0EE84F5B-DF00-4DF3-AB2E-D0100B7CCB6C}
	EndGlobalSection
EndGlobal
